
Microsoft Visual Studio Solution File, Format Version 10.00
# Visual Studio 2008
Project("{8BC9CEB8-8B4A-11D0-8D11-00A0C91BC942}") = "YoutubePlugin", "YoutubePlugin.vcproj", "{5CF49A9A-CC02-48F8-94B1-293B22C4DFEF}"
EndProject
Global
	GlobalSection(SolutionConfigurationPlatforms) = preSolution
		Debug|Win32 = Debug|Win32
		Release with Debug|Win32 = Release with Debug|Win32
		Release|Win32 = Release|Win32
	EndGlobalSection
	GlobalSection(ProjectConfigurationPlatforms) = postSolution
		{5CF49A9A-CC02-48F8-94B1-293B22C4DFEF}.Debug|Win32.ActiveCfg = Release with Debug|Win32
		{5CF49A9A-CC02-48F8-94B1-293B22C4DFEF}.Debug|Win32.Build.0 = Release with Debug|Win32
		{5CF49A9A-CC02-48F8-94B1-293B22C4DFEF}.Release with Debug|Win32.ActiveCfg = Release with Debug|Win32
		{5CF49A9A-CC02-48F8-94B1-293B22C4DFEF}.Release with Debug|Win32.Build.0 = Release with Debug|Win32
		{5CF49A9A-CC02-48F8-94B1-293B22C4DFEF}.Release|Win32.ActiveCfg = Release|Win32
		{5CF49A9A-CC02-48F8-94B1-293B22C4DFEF}.Release|Win32.Build.0 = Release|Win32
	EndGlobalSection
	GlobalSection(SolutionProperties) = preSolution
		HideSolutionNode = FALSE
	EndGlobalSection
EndGlobal
