
Microsoft Visual Studio Solution File, Format Version 10.00
# Visual Studio 2008
Project("{8BC9CEB8-8B4A-11D0-8D11-00A0C91BC942}") = "PlotXYPlugin", "PlotXYPlugin.vcproj", "{93F74148-B210-4054-84E0-AF90FA00B42A}"
EndProject
Global
	GlobalSection(SolutionConfigurationPlatforms) = preSolution
		Debug|Win32 = Debug|Win32
		Release with Debug|Win32 = Release with Debug|Win32
		Release|Win32 = Release|Win32
	EndGlobalSection
	GlobalSection(ProjectConfigurationPlatforms) = postSolution
		{93F74148-B210-4054-84E0-AF90FA00B42A}.Debug|Win32.ActiveCfg = Release with Debug|Win32
		{93F74148-B210-4054-84E0-AF90FA00B42A}.Debug|Win32.Build.0 = Release with Debug|Win32
		{93F74148-B210-4054-84E0-AF90FA00B42A}.Release with Debug|Win32.ActiveCfg = Release with Debug|Win32
		{93F74148-B210-4054-84E0-AF90FA00B42A}.Release with Debug|Win32.Build.0 = Release with Debug|Win32
		{93F74148-B210-4054-84E0-AF90FA00B42A}.Release|Win32.ActiveCfg = Release|Win32
		{93F74148-B210-4054-84E0-AF90FA00B42A}.Release|Win32.Build.0 = Release|Win32
	EndGlobalSection
	GlobalSection(SolutionProperties) = preSolution
		HideSolutionNode = FALSE
	EndGlobalSection
EndGlobal
