<?xml version="1.0" encoding="utf-8"?>
<Project ToolsVersion="4.0" xmlns="http://schemas.microsoft.com/developer/msbuild/2003">
  <ItemGroup>
    <Filter Include="Source Files">
      <UniqueIdentifier>{4FC737F1-C7A5-4376-A066-2A32D752A2FF}</UniqueIdentifier>
      <Extensions>cpp;cxx;c;def</Extensions>
    </Filter>
    <Filter Include="Source Files\AlgLib">
      <UniqueIdentifier>{7ace4a1d-147c-4c41-91d6-dccdd9330e12}</UniqueIdentifier>
    </Filter>
    <Filter Include="Header Files">
      <UniqueIdentifier>{93995380-89BD-4b04-88EB-625FBE52EBFB}</UniqueIdentifier>
      <Extensions>h</Extensions>
    </Filter>
    <Filter Include="Form Files">
      <UniqueIdentifier>{99349809-55BA-4b9d-BF79-8FDBB0286EB3}</UniqueIdentifier>
      <Extensions>ui</Extensions>
    </Filter>
    <Filter Include="Resource Files">
      <UniqueIdentifier>{D9D6E242-F8AF-46E4-B9FD-80ECBC20BA3E}</UniqueIdentifier>
      <Extensions>qrc;*</Extensions>
      <ParseFiles>false</ParseFiles>
    </Filter>
    <Filter Include="Generated Files">
      <UniqueIdentifier>{71ED8ED8-ACB9-4CE9-BBE1-E00B30144E11}</UniqueIdentifier>
      <Extensions>moc;h;cpp</Extensions>
      <SourceControlFiles>False</SourceControlFiles>
    </Filter>
    <Filter Include="Generated Files\Release">
      <UniqueIdentifier>{5d899195-9dc2-47e8-99e0-3c1b5ded6e83}</UniqueIdentifier>
      <Extensions>cpp;moc</Extensions>
      <SourceControlFiles>False</SourceControlFiles>
    </Filter>
    <Filter Include="Generated Files\Debug">
      <UniqueIdentifier>{3a1855ed-e9e6-4b24-bb29-51d19f96eed5}</UniqueIdentifier>
      <Extensions>cpp;moc</Extensions>
      <SourceControlFiles>False</SourceControlFiles>
    </Filter>
  </ItemGroup>
  <ItemGroup>
    <ClCompile Include="fitter2dgaussianplugin.cpp">
      <Filter>Source Files</Filter>
    </ClCompile>
    <ClCompile Include="GImage2DGaussFitter.cpp">
      <Filter>Source Files</Filter>
    </ClCompile>
    <ClCompile Include="..\..\include\AlgLib\src\alglibinternal.cpp">
      <Filter>Source Files\AlgLib</Filter>
    </ClCompile>
    <ClCompile Include="..\..\include\AlgLib\src\alglibmisc.cpp">
      <Filter>Source Files\AlgLib</Filter>
    </ClCompile>
    <ClCompile Include="..\..\include\AlgLib\src\ap.cpp">
      <Filter>Source Files\AlgLib</Filter>
    </ClCompile>
    <ClCompile Include="..\..\include\AlgLib\src\dataanalysis.cpp">
      <Filter>Source Files\AlgLib</Filter>
    </ClCompile>
    <ClCompile Include="..\..\include\AlgLib\src\diffequations.cpp">
      <Filter>Source Files\AlgLib</Filter>
    </ClCompile>
    <ClCompile Include="..\..\include\AlgLib\src\fasttransforms.cpp">
      <Filter>Source Files\AlgLib</Filter>
    </ClCompile>
    <ClCompile Include="..\..\include\AlgLib\src\integration.cpp">
      <Filter>Source Files\AlgLib</Filter>
    </ClCompile>
    <ClCompile Include="..\..\include\AlgLib\src\interpolation.cpp">
      <Filter>Source Files\AlgLib</Filter>
    </ClCompile>
    <ClCompile Include="..\..\include\AlgLib\src\linalg.cpp">
      <Filter>Source Files\AlgLib</Filter>
    </ClCompile>
    <ClCompile Include="..\..\include\AlgLib\src\optimization.cpp">
      <Filter>Source Files\AlgLib</Filter>
    </ClCompile>
    <ClCompile Include="..\..\include\AlgLib\src\solvers.cpp">
      <Filter>Source Files\AlgLib</Filter>
    </ClCompile>
    <ClCompile Include="..\..\include\AlgLib\src\specialfunctions.cpp">
      <Filter>Source Files\AlgLib</Filter>
    </ClCompile>
    <ClCompile Include="..\..\include\AlgLib\src\statistics.cpp">
      <Filter>Source Files\AlgLib</Filter>
    </ClCompile>
    <ClCompile Include="GeneratedFiles\Release\moc_fitter2dgaussianplugin.cpp">
      <Filter>Generated Files\Release</Filter>
    </ClCompile>
    <ClCompile Include="GeneratedFiles\Release\moc_GImage2DGaussFitter.cpp">
      <Filter>Generated Files\Release</Filter>
    </ClCompile>
    <ClCompile Include="GeneratedFiles\Debug\moc_fitter2dgaussianplugin.cpp">
      <Filter>Generated Files\Debug</Filter>
    </ClCompile>
    <ClCompile Include="GeneratedFiles\Debug\moc_GImage2DGaussFitter.cpp">
      <Filter>Generated Files\Debug</Filter>
    </ClCompile>
  </ItemGroup>
  <ItemGroup>
    <ClInclude Include="fitter2dgaussianplugin_global.h">
      <Filter>Header Files</Filter>
    </ClInclude>
  </ItemGroup>
  <ItemGroup>
    <CustomBuild Include="fitter2dgaussianplugin.h">
      <Filter>Header Files</Filter>
    </CustomBuild>
    <CustomBuild Include="GImage2DGaussFitter.h">
      <Filter>Header Files</Filter>
    </CustomBuild>
  </ItemGroup>
</Project>