<?xml version="1.0" encoding="utf-8"?>
<Project ToolsVersion="4.0" xmlns="http://schemas.microsoft.com/developer/msbuild/2003">
  <ItemGroup>
    <Filter Include="Source Files">
      <UniqueIdentifier>{4FC737F1-C7A5-4376-A066-2A32D752A2FF}</UniqueIdentifier>
      <Extensions>cpp;cxx;c;def</Extensions>
    </Filter>
    <Filter Include="Header Files">
      <UniqueIdentifier>{93995380-89BD-4b04-88EB-625FBE52EBFB}</UniqueIdentifier>
      <Extensions>h</Extensions>
    </Filter>
    <Filter Include="Form Files">
      <UniqueIdentifier>{99349809-55BA-4b9d-BF79-8FDBB0286EB3}</UniqueIdentifier>
      <Extensions>ui</Extensions>
    </Filter>
    <Filter Include="Resource Files">
      <UniqueIdentifier>{D9D6E242-F8AF-46E4-B9FD-80ECBC20BA3E}</UniqueIdentifier>
      <Extensions>qrc;*</Extensions>
      <ParseFiles>false</ParseFiles>
    </Filter>
    <Filter Include="Generated Files">
      <UniqueIdentifier>{71ED8ED8-ACB9-4CE9-BBE1-E00B30144E11}</UniqueIdentifier>
      <Extensions>moc;h;cpp</Extensions>
      <SourceControlFiles>False</SourceControlFiles>
    </Filter>
    <Filter Include="Generated Files\Release">
      <UniqueIdentifier>{0ba04c8c-e295-4efd-a561-6fa4d5b3da2a}</UniqueIdentifier>
      <Extensions>cpp;moc</Extensions>
      <SourceControlFiles>False</SourceControlFiles>
    </Filter>
    <Filter Include="Generated Files\Debug">
      <UniqueIdentifier>{5519909a-f59f-488b-a173-ab18e2a1cd4d}</UniqueIdentifier>
      <Extensions>cpp;moc</Extensions>
      <SourceControlFiles>False</SourceControlFiles>
    </Filter>
  </ItemGroup>
  <ItemGroup>
    <ClCompile Include="GPhidgetAdvancedServoModule.cpp">
      <Filter>Source Files</Filter>
    </ClCompile>
    <ClCompile Include="GPhidgetAnalogOutModule.cpp">
      <Filter>Source Files</Filter>
    </ClCompile>
    <ClCompile Include="GPhidgetDigitalInput.cpp">
      <Filter>Source Files</Filter>
    </ClCompile>
    <ClCompile Include="GPhidgetInterfaceKitModule.cpp">
      <Filter>Source Files</Filter>
    </ClCompile>
    <ClCompile Include="GPhidgetManager.cpp">
      <Filter>Source Files</Filter>
    </ClCompile>
    <ClCompile Include="GPhidgetManagerWidget.cpp">
      <Filter>Source Files</Filter>
    </ClCompile>
    <ClCompile Include="GPhidgetModule.cpp">
      <Filter>Source Files</Filter>
    </ClCompile>
    <ClCompile Include="GPhidgetOutput.cpp">
      <Filter>Source Files</Filter>
    </ClCompile>
    <ClCompile Include="GPhidgetSensor.cpp">
      <Filter>Source Files</Filter>
    </ClCompile>
    <ClCompile Include="GPhidgetServoMotor.cpp">
      <Filter>Source Files</Filter>
    </ClCompile>
    <ClCompile Include="GPhidgetServoMotorWidget.cpp">
      <Filter>Source Files</Filter>
    </ClCompile>
    <ClCompile Include="GPhidgetTemperatureSensor1Module.cpp">
      <Filter>Source Files</Filter>
    </ClCompile>
    <ClCompile Include="GPhidgetTouchRotationModule.cpp">
      <Filter>Source Files</Filter>
    </ClCompile>
    <ClCompile Include="pluginphidgets.cpp">
      <Filter>Source Files</Filter>
    </ClCompile>
    <ClCompile Include="GeneratedFiles\Release\moc_GPhidgetAdvancedServoModule.cpp">
      <Filter>Generated Files\Release</Filter>
    </ClCompile>
    <ClCompile Include="GeneratedFiles\Release\moc_GPhidgetAnalogOutModule.cpp">
      <Filter>Generated Files\Release</Filter>
    </ClCompile>
    <ClCompile Include="GeneratedFiles\Release\moc_GPhidgetDigitalInput.cpp">
      <Filter>Generated Files\Release</Filter>
    </ClCompile>
    <ClCompile Include="GeneratedFiles\Release\moc_GPhidgetInterfaceKitModule.cpp">
      <Filter>Generated Files\Release</Filter>
    </ClCompile>
    <ClCompile Include="GeneratedFiles\Release\moc_GPhidgetManager.cpp">
      <Filter>Generated Files\Release</Filter>
    </ClCompile>
    <ClCompile Include="GeneratedFiles\Release\moc_GPhidgetManagerWidget.cpp">
      <Filter>Generated Files\Release</Filter>
    </ClCompile>
    <ClCompile Include="GeneratedFiles\Release\moc_GPhidgetModule.cpp">
      <Filter>Generated Files\Release</Filter>
    </ClCompile>
    <ClCompile Include="GeneratedFiles\Release\moc_GPhidgetOutput.cpp">
      <Filter>Generated Files\Release</Filter>
    </ClCompile>
    <ClCompile Include="GeneratedFiles\Release\moc_GPhidgetSensor.cpp">
      <Filter>Generated Files\Release</Filter>
    </ClCompile>
    <ClCompile Include="GeneratedFiles\Release\moc_GPhidgetServoMotor.cpp">
      <Filter>Generated Files\Release</Filter>
    </ClCompile>
    <ClCompile Include="GeneratedFiles\Release\moc_GPhidgetServoMotorWidget.cpp">
      <Filter>Generated Files\Release</Filter>
    </ClCompile>
    <ClCompile Include="GeneratedFiles\Release\moc_GPhidgetTemperatureSensor1Module.cpp">
      <Filter>Generated Files\Release</Filter>
    </ClCompile>
    <ClCompile Include="GeneratedFiles\Release\moc_GPhidgetTouchRotationModule.cpp">
      <Filter>Generated Files\Release</Filter>
    </ClCompile>
    <ClCompile Include="GeneratedFiles\Release\moc_pluginphidgets.cpp">
      <Filter>Generated Files\Release</Filter>
    </ClCompile>
    <ClCompile Include="GeneratedFiles\Debug\moc_GPhidgetAdvancedServoModule.cpp">
      <Filter>Generated Files\Debug</Filter>
    </ClCompile>
    <ClCompile Include="GeneratedFiles\Debug\moc_GPhidgetAnalogOutModule.cpp">
      <Filter>Generated Files\Debug</Filter>
    </ClCompile>
    <ClCompile Include="GeneratedFiles\Debug\moc_GPhidgetDigitalInput.cpp">
      <Filter>Generated Files\Debug</Filter>
    </ClCompile>
    <ClCompile Include="GeneratedFiles\Debug\moc_GPhidgetInterfaceKitModule.cpp">
      <Filter>Generated Files\Debug</Filter>
    </ClCompile>
    <ClCompile Include="GeneratedFiles\Debug\moc_GPhidgetManager.cpp">
      <Filter>Generated Files\Debug</Filter>
    </ClCompile>
    <ClCompile Include="GeneratedFiles\Debug\moc_GPhidgetManagerWidget.cpp">
      <Filter>Generated Files\Debug</Filter>
    </ClCompile>
    <ClCompile Include="GeneratedFiles\Debug\moc_GPhidgetModule.cpp">
      <Filter>Generated Files\Debug</Filter>
    </ClCompile>
    <ClCompile Include="GeneratedFiles\Debug\moc_GPhidgetOutput.cpp">
      <Filter>Generated Files\Debug</Filter>
    </ClCompile>
    <ClCompile Include="GeneratedFiles\Debug\moc_GPhidgetSensor.cpp">
      <Filter>Generated Files\Debug</Filter>
    </ClCompile>
    <ClCompile Include="GeneratedFiles\Debug\moc_GPhidgetServoMotor.cpp">
      <Filter>Generated Files\Debug</Filter>
    </ClCompile>
    <ClCompile Include="GeneratedFiles\Debug\moc_GPhidgetServoMotorWidget.cpp">
      <Filter>Generated Files\Debug</Filter>
    </ClCompile>
    <ClCompile Include="GeneratedFiles\Debug\moc_GPhidgetTemperatureSensor1Module.cpp">
      <Filter>Generated Files\Debug</Filter>
    </ClCompile>
    <ClCompile Include="GeneratedFiles\Debug\moc_GPhidgetTouchRotationModule.cpp">
      <Filter>Generated Files\Debug</Filter>
    </ClCompile>
    <ClCompile Include="GeneratedFiles\Debug\moc_pluginphidgets.cpp">
      <Filter>Generated Files\Debug</Filter>
    </ClCompile>
  </ItemGroup>
  <ItemGroup>
    <ClInclude Include="GPhidget21.h">
      <Filter>Header Files</Filter>
    </ClInclude>
    <ClInclude Include="pluginphidgets_global.h">
      <Filter>Header Files</Filter>
    </ClInclude>
    <ClInclude Include="GeneratedFiles\ui_GPhidgetServoMotorWidget.h">
      <Filter>Generated Files</Filter>
    </ClInclude>
  </ItemGroup>
  <ItemGroup>
    <CustomBuild Include="GPhidgetAdvancedServoModule.h">
      <Filter>Header Files</Filter>
    </CustomBuild>
    <CustomBuild Include="GPhidgetAnalogOutModule.h">
      <Filter>Header Files</Filter>
    </CustomBuild>
    <CustomBuild Include="GPhidgetDigitalInput.h">
      <Filter>Header Files</Filter>
    </CustomBuild>
    <CustomBuild Include="GPhidgetInterfaceKitModule.h">
      <Filter>Header Files</Filter>
    </CustomBuild>
    <CustomBuild Include="GPhidgetManager.h">
      <Filter>Header Files</Filter>
    </CustomBuild>
    <CustomBuild Include="GPhidgetManagerWidget.h">
      <Filter>Header Files</Filter>
    </CustomBuild>
    <CustomBuild Include="GPhidgetModule.h">
      <Filter>Header Files</Filter>
    </CustomBuild>
    <CustomBuild Include="GPhidgetOutput.h">
      <Filter>Header Files</Filter>
    </CustomBuild>
    <CustomBuild Include="GPhidgetSensor.h">
      <Filter>Header Files</Filter>
    </CustomBuild>
    <CustomBuild Include="GPhidgetServoMotor.h">
      <Filter>Header Files</Filter>
    </CustomBuild>
    <CustomBuild Include="GPhidgetServoMotorWidget.h">
      <Filter>Header Files</Filter>
    </CustomBuild>
    <CustomBuild Include="GPhidgetTemperatureSensor1Module.h">
      <Filter>Header Files</Filter>
    </CustomBuild>
    <CustomBuild Include="GPhidgetTouchRotationModule.h">
      <Filter>Header Files</Filter>
    </CustomBuild>
    <CustomBuild Include="pluginphidgets.h">
      <Filter>Header Files</Filter>
    </CustomBuild>
    <CustomBuild Include="GPhidgetServoMotorWidget.ui">
      <Filter>Form Files</Filter>
    </CustomBuild>
  </ItemGroup>
</Project>