
Microsoft Visual Studio Solution File, Format Version 10.00
# Visual Studio 2008
Project("{8BC9CEB8-8B4A-11D0-8D11-00A0C91BC942}") = "LabNotesLoggerPlugin", "LabNotesLoggerPlugin.vcproj", "{43E4D739-DCF5-40CB-B4B8-FEB8CB4FB8ED}"
EndProject
Global
	GlobalSection(SolutionConfigurationPlatforms) = preSolution
		Debug|Win32 = Debug|Win32
		Release with Debug|Win32 = Release with Debug|Win32
		Release|Win32 = Release|Win32
	EndGlobalSection
	GlobalSection(ProjectConfigurationPlatforms) = postSolution
		{43E4D739-DCF5-40CB-B4B8-FEB8CB4FB8ED}.Debug|Win32.ActiveCfg = Release with Debug|Win32
		{43E4D739-DCF5-40CB-B4B8-FEB8CB4FB8ED}.Debug|Win32.Build.0 = Release with Debug|Win32
		{43E4D739-DCF5-40CB-B4B8-FEB8CB4FB8ED}.Release with Debug|Win32.ActiveCfg = Release with Debug|Win32
		{43E4D739-DCF5-40CB-B4B8-FEB8CB4FB8ED}.Release with Debug|Win32.Build.0 = Release with Debug|Win32
		{43E4D739-DCF5-40CB-B4B8-FEB8CB4FB8ED}.Release|Win32.ActiveCfg = Release|Win32
		{43E4D739-DCF5-40CB-B4B8-FEB8CB4FB8ED}.Release|Win32.Build.0 = Release|Win32
	EndGlobalSection
	GlobalSection(SolutionProperties) = preSolution
		HideSolutionNode = FALSE
	EndGlobalSection
EndGlobal
