
Microsoft Visual Studio Solution File, Format Version 10.00
# Visual Studio 2008
Project("{8BC9CEB8-8B4A-11D0-8D11-00A0C91BC942}") = "ImageStackerPlugin", "ImageStackerPlugin.vcproj", "{471DFB97-0D9D-4FDA-88D5-F1E3C037E3A1}"
EndProject
Global
	GlobalSection(SolutionConfigurationPlatforms) = preSolution
		Debug|Win32 = Debug|Win32
		Release with Debug|Win32 = Release with Debug|Win32
		Release|Win32 = Release|Win32
	EndGlobalSection
	GlobalSection(ProjectConfigurationPlatforms) = postSolution
		{471DFB97-0D9D-4FDA-88D5-F1E3C037E3A1}.Debug|Win32.ActiveCfg = Release with Debug|Win32
		{471DFB97-0D9D-4FDA-88D5-F1E3C037E3A1}.Debug|Win32.Build.0 = Release with Debug|Win32
		{471DFB97-0D9D-4FDA-88D5-F1E3C037E3A1}.Release with Debug|Win32.ActiveCfg = Release with Debug|Win32
		{471DFB97-0D9D-4FDA-88D5-F1E3C037E3A1}.Release with Debug|Win32.Build.0 = Release with Debug|Win32
		{471DFB97-0D9D-4FDA-88D5-F1E3C037E3A1}.Release|Win32.ActiveCfg = Release|Win32
		{471DFB97-0D9D-4FDA-88D5-F1E3C037E3A1}.Release|Win32.Build.0 = Release|Win32
	EndGlobalSection
	GlobalSection(SolutionProperties) = preSolution
		HideSolutionNode = FALSE
	EndGlobalSection
EndGlobal
