
Microsoft Visual Studio Solution File, Format Version 10.00
# Visual Studio 2008
Project("{8BC9CEB8-8B4A-11D0-8D11-00A0C91BC942}") = "LockingSlapperPlugin", "LockingSlapperPlugin.vcproj", "{FC74FF35-DF55-455D-8238-C2594E28ED36}"
EndProject
Global
	GlobalSection(SolutionConfigurationPlatforms) = preSolution
		Debug|Win32 = Debug|Win32
		Release with Debug|Win32 = Release with Debug|Win32
		Release|Win32 = Release|Win32
	EndGlobalSection
	GlobalSection(ProjectConfigurationPlatforms) = postSolution
		{FC74FF35-DF55-455D-8238-C2594E28ED36}.Debug|Win32.ActiveCfg = Release with Debug|Win32
		{FC74FF35-DF55-455D-8238-C2594E28ED36}.Debug|Win32.Build.0 = Release with Debug|Win32
		{FC74FF35-DF55-455D-8238-C2594E28ED36}.Release with Debug|Win32.ActiveCfg = Release with Debug|Win32
		{FC74FF35-DF55-455D-8238-C2594E28ED36}.Release with Debug|Win32.Build.0 = Release with Debug|Win32
		{FC74FF35-DF55-455D-8238-C2594E28ED36}.Release|Win32.ActiveCfg = Release|Win32
		{FC74FF35-DF55-455D-8238-C2594E28ED36}.Release|Win32.Build.0 = Release|Win32
	EndGlobalSection
	GlobalSection(SolutionProperties) = preSolution
		HideSolutionNode = FALSE
	EndGlobalSection
EndGlobal
