
Microsoft Visual Studio Solution File, Format Version 10.00
# Visual Studio 2008
Project("{8BC9CEB8-8B4A-11D0-8D11-00A0C91BC942}") = "SRSControllerPlugin", "SRSControllerPlugin.vcproj", "{6C729E63-092F-4DD4-834A-F3D7439D2A5E}"
EndProject
Global
	GlobalSection(SolutionConfigurationPlatforms) = preSolution
		Debug|Win32 = Debug|Win32
		Release with Debug|Win32 = Release with Debug|Win32
		Release|Win32 = Release|Win32
	EndGlobalSection
	GlobalSection(ProjectConfigurationPlatforms) = postSolution
		{6C729E63-092F-4DD4-834A-F3D7439D2A5E}.Debug|Win32.ActiveCfg = Release with Debug|Win32
		{6C729E63-092F-4DD4-834A-F3D7439D2A5E}.Debug|Win32.Build.0 = Release with Debug|Win32
		{6C729E63-092F-4DD4-834A-F3D7439D2A5E}.Release with Debug|Win32.ActiveCfg = Release with Debug|Win32
		{6C729E63-092F-4DD4-834A-F3D7439D2A5E}.Release with Debug|Win32.Build.0 = Release with Debug|Win32
		{6C729E63-092F-4DD4-834A-F3D7439D2A5E}.Release|Win32.ActiveCfg = Release|Win32
		{6C729E63-092F-4DD4-834A-F3D7439D2A5E}.Release|Win32.Build.0 = Release|Win32
	EndGlobalSection
	GlobalSection(SolutionProperties) = preSolution
		HideSolutionNode = FALSE
	EndGlobalSection
EndGlobal
